
Microsoft Visual Studio Solution File, Format Version 12.00
# Visual Studio Version 16
VisualStudioVersion = 16.0.31515.178
MinimumVisualStudioVersion = 10.0.40219.1
Project("{FAE04EC0-301F-11D3-BF4B-00C04F79EFBC}") = "SMTPremium", "SMTPremium.csproj", "{12869C32-7DEA-4163-86FD-FFD0C0D3D90E}"
EndProject
Project("{2150E333-8FDC-42A3-9474-1A3956D46DE8}") = "Solution Items", "Solution Items", "{0FDCA0DA-7157-439F-B76E-D470E306495A}"
	ProjectSection(SolutionItems) = preProject
		global.json = global.json
	EndProjectSection
EndProject
Global
	GlobalSection(SolutionConfigurationPlatforms) = preSolution
		Debug|Any CPU = Debug|Any CPU
		Release|Any CPU = Release|Any CPU
	EndGlobalSection
	GlobalSection(ProjectConfigurationPlatforms) = postSolution
		{12869C32-7DEA-4163-86FD-FFD0C0D3D90E}.Debug|Any CPU.ActiveCfg = Debug|Any CPU
		{12869C32-7DEA-4163-86FD-FFD0C0D3D90E}.Debug|Any CPU.Build.0 = Debug|Any CPU
		{12869C32-7DEA-4163-86FD-FFD0C0D3D90E}.Release|Any CPU.ActiveCfg = Release|Any CPU
		{12869C32-7DEA-4163-86FD-FFD0C0D3D90E}.Release|Any CPU.Build.0 = Release|Any CPU
	EndGlobalSection
	GlobalSection(SolutionProperties) = preSolution
		HideSolutionNode = FALSE
	EndGlobalSection
	GlobalSection(ExtensibilityGlobals) = postSolution
		SolutionGuid = {25A143B2-3F2B-42A9-9ABD-1B161533145B}
	EndGlobalSection
EndGlobal
